Microsoft Visual Studio Solution File, Format Version 12.00
# Visual Studio 2012
Project("{FAE04EC0-301F-11D3-BF4B-00C04F79EFBC}") = "lab-2", "lab-2.csproj", "{66DBFF6C-C788-4CC3-A9C2-A6DF0019D648}"
EndProject
Global
	GlobalSection(SolutionConfigurationPlatforms) = preSolution
	Debug|Any CPU = Debug|Any CPU
	ExportDebug|Any CPU = ExportDebug|Any CPU
	ExportRelease|Any CPU = ExportRelease|Any CPU
	EndGlobalSection
	GlobalSection(ProjectConfigurationPlatforms) = postSolution
		{66DBFF6C-C788-4CC3-A9C2-A6DF0019D648}.Debug|Any CPU.ActiveCfg = Debug|Any CPU
		{66DBFF6C-C788-4CC3-A9C2-A6DF0019D648}.Debug|Any CPU.Build.0 = Debug|Any CPU
		{66DBFF6C-C788-4CC3-A9C2-A6DF0019D648}.ExportDebug|Any CPU.ActiveCfg = ExportDebug|Any CPU
		{66DBFF6C-C788-4CC3-A9C2-A6DF0019D648}.ExportDebug|Any CPU.Build.0 = ExportDebug|Any CPU
		{66DBFF6C-C788-4CC3-A9C2-A6DF0019D648}.ExportRelease|Any CPU.ActiveCfg = ExportRelease|Any CPU
		{66DBFF6C-C788-4CC3-A9C2-A6DF0019D648}.ExportRelease|Any CPU.Build.0 = ExportRelease|Any CPU
	EndGlobalSection
EndGlobal
